
Microsoft Visual Studio Solution File, Format Version 12.00
# Visual Studio Version 17
VisualStudioVersion = 17.14.37628.2 d17.14
MinimumVisualStudioVersion = 10.0.40219.1
Project("{FAE04EC0-301F-11D3-BF4B-00C04F79EFBC}") = "ConsoleApp-Demo1", "ConsoleApp-Demo1\ConsoleApp-Demo1.csproj", "{F06E5AC8-DF17-49D1-981A-47C145154F86}"
EndProject
Global
	GlobalSection(SolutionConfigurationPlatforms) = preSolution
		Debug|Any CPU = Debug|Any CPU
		Release|Any CPU = Release|Any CPU
	EndGlobalSection
	GlobalSection(ProjectConfigurationPlatforms) = postSolution
		{F06E5AC8-DF17-49D1-981A-47C145154F86}.Debug|Any CPU.ActiveCfg = Debug|Any CPU
		{F06E5AC8-DF17-49D1-981A-47C145154F86}.Debug|Any CPU.Build.0 = Debug|Any CPU
		{F06E5AC8-DF17-49D1-981A-47C145154F86}.Release|Any CPU.ActiveCfg = Release|Any CPU
		{F06E5AC8-DF17-49D1-981A-47C145154F86}.Release|Any CPU.Build.0 = Release|Any CPU
	EndGlobalSection
	GlobalSection(SolutionProperties) = preSolution
		HideSolutionNode = FALSE
	EndGlobalSection
	GlobalSection(ExtensibilityGlobals) = postSolution
		SolutionGuid = {39E0AB11-87DC-4484-9A0D-8C97B1EFBE54}
	EndGlobalSection
EndGlobal
